
Microsoft Visual Studio Solution File, Format Version 12.00
# Visual Studio Version 17
VisualStudioVersion = 17.2.32519.379
MinimumVisualStudioVersion = 10.0.40219.1
Project("{FAE04EC0-301F-11D3-BF4B-00C04F79EFBC}") = "LibraryApp", "LibraryApp\LibraryApp.csproj", "{59020337-0423-4AA7-B6D4-2541B242516A}"
EndProject
Global
	GlobalSection(SolutionConfigurationPlatforms) = preSolution
		Debug|Any CPU = Debug|Any CPU
		Release|Any CPU = Release|Any CPU
	EndGlobalSection
	GlobalSection(ProjectConfigurationPlatforms) = postSolution
		{59020337-0423-4AA7-B6D4-2541B242516A}.Debug|Any CPU.ActiveCfg = Debug|Any CPU
		{59020337-0423-4AA7-B6D4-2541B242516A}.Debug|Any CPU.Build.0 = Debug|Any CPU
		{59020337-0423-4AA7-B6D4-2541B242516A}.Release|Any CPU.ActiveCfg = Release|Any CPU
		{59020337-0423-4AA7-B6D4-2541B242516A}.Release|Any CPU.Build.0 = Release|Any CPU
	EndGlobalSection
	GlobalSection(SolutionProperties) = preSolution
		HideSolutionNode = FALSE
	EndGlobalSection
	GlobalSection(ExtensibilityGlobals) = postSolution
		SolutionGuid = {0819B12D-6139-443F-AB0C-976BCEFB3381}
	EndGlobalSection
EndGlobal
